// !$*UTF8*$!
{
	archiveVersion = 1;
	classes = {
	};
	objectVersion = 50;
	objects = {

/* Begin PBXBuildFile section */
		080465982498848D0027864E /* ResturantCollectionView.swift in Sources */ = {isa = PBXBuildFile; fileRef = 080465972498848D0027864E /* ResturantCollectionView.swift */; };
		080B047C2477D71500F8C7E5 /* AppDelegate.swift in Sources */ = {isa = PBXBuildFile; fileRef = 080B047B2477D71500F8C7E5 /* AppDelegate.swift */; };
		080B047E2477D71500F8C7E5 /* SceneDelegate.swift in Sources */ = {isa = PBXBuildFile; fileRef = 080B047D2477D71500F8C7E5 /* SceneDelegate.swift */; };
		080B04802477D71500F8C7E5 /* ViewController.swift in Sources */ = {isa = PBXBuildFile; fileRef = 080B047F2477D71500F8C7E5 /* ViewController.swift */; };
		080B04832477D71500F8C7E5 /* Main.storyboard in Resources */ = {isa = PBXBuildFile; fileRef = 080B04812477D71500F8C7E5 /* Main.storyboard */; };
		080B04852477D71600F8C7E5 /* Assets.xcassets in Resources */ = {isa = PBXBuildFile; fileRef = 080B04842477D71600F8C7E5 /* Assets.xcassets */; };
		080B04882477D71600F8C7E5 /* LaunchScreen.storyboard in Resources */ = {isa = PBXBuildFile; fileRef = 080B04862477D71600F8C7E5 /* LaunchScreen.storyboard */; };
		080B04932477D71700F8C7E5 /* DemoAppTests.swift in Sources */ = {isa = PBXBuildFile; fileRef = 080B04922477D71700F8C7E5 /* DemoAppTests.swift */; };
		080B049E2477D71700F8C7E5 /* DemoAppUITests.swift in Sources */ = {isa = PBXBuildFile; fileRef = 080B049D2477D71700F8C7E5 /* DemoAppUITests.swift */; };
		08879392248F47380029B413 /* ResturantTableViewController.swift in Sources */ = {isa = PBXBuildFile; fileRef = 08879391248F47380029B413 /* ResturantTableViewController.swift */; };
		08E226C22488AE470023AB1A /* SecondaryViewController.swift in Sources */ = {isa = PBXBuildFile; fileRef = 08E226C12488AE470023AB1A /* SecondaryViewController.swift */; };
		08E226C42488AEC00023AB1A /* SecondaryViewController.xib in Resources */ = {isa = PBXBuildFile; fileRef = 08E226C32488AEC00023AB1A /* SecondaryViewController.xib */; };
		08E226C62488B3300023AB1A /* AutoLayoutViewController.swift in Sources */ = {isa = PBXBuildFile; fileRef = 08E226C52488B3300023AB1A /* AutoLayoutViewController.swift */; };
/* End PBXBuildFile section */

/* Begin PBXContainerItemProxy section */
		080B048F2477D71700F8C7E5 /* PBXContainerItemProxy */ = {
			isa = PBXContainerItemProxy;
			containerPortal = 080B04702477D71500F8C7E5 /* Project object */;
			proxyType = 1;
			remoteGlobalIDString = 080B04772477D71500F8C7E5;
			remoteInfo = DemoApp;
		};
		080B049A2477D71700F8C7E5 /* PBXContainerItemProxy */ = {
			isa = PBXContainerItemProxy;
			containerPortal = 080B04702477D71500F8C7E5 /* Project object */;
			proxyType = 1;
			remoteGlobalIDString = 080B04772477D71500F8C7E5;
			remoteInfo = DemoApp;
		};
/* End PBXContainerItemProxy section */

/* Begin PBXFileReference section */
		080465972498848D0027864E /* ResturantCollectionView.swift */ = {isa = PBXFileReference; lastKnownFileType = sourcecode.swift; path = ResturantCollectionView.swift; sourceTree = "<group>"; };
		080B04782477D71500F8C7E5 /* DemoApp.app */ = {isa = PBXFileReference; explicitFileType = wrapper.application; includeInIndex = 0; path = DemoApp.app; sourceTree = BUILT_PRODUCTS_DIR; };
		080B047B2477D71500F8C7E5 /* AppDelegate.swift */ = {isa = PBXFileReference; lastKnownFileType = sourcecode.swift; path = AppDelegate.swift; sourceTree = "<group>"; };
		080B047D2477D71500F8C7E5 /* SceneDelegate.swift */ = {isa = PBXFileReference; lastKnownFileType = sourcecode.swift; path = SceneDelegate.swift; sourceTree = "<group>"; };
		080B047F2477D71500F8C7E5 /* ViewController.swift */ = {isa = PBXFileReference; lastKnownFileType = sourcecode.swift; path = ViewController.swift; sourceTree = "<group>"; };
		080B04822477D71500F8C7E5 /* Base */ = {isa = PBXFileReference; lastKnownFileType = file.storyboard; name = Base; path = Base.lproj/Main.storyboard; sourceTree = "<group>"; };
		080B04842477D71600F8C7E5 /* Assets.xcassets */ = {isa = PBXFileReference; lastKnownFileType = folder.assetcatalog; path = Assets.xcassets; sourceTree = "<group>"; };
		080B04872477D71600F8C7E5 /* Base */ = {isa = PBXFileReference; lastKnownFileType = file.storyboard; name = Base; path = Base.lproj/LaunchScreen.storyboard; sourceTree = "<group>"; };
		080B04892477D71600F8C7E5 /* Info.plist */ = {isa = PBXFileReference; lastKnownFileType = text.plist.xml; path = Info.plist; sourceTree = "<group>"; };
		080B048E2477D71700F8C7E5 /* DemoAppTests.xctest */ = {isa = PBXFileReference; explicitFileType = wrapper.cfbundle; includeInIndex = 0; path = DemoAppTests.xctest; sourceTree = BUILT_PRODUCTS_DIR; };
		080B04922477D71700F8C7E5 /* DemoAppTests.swift */ = {isa = PBXFileReference; lastKnownFileType = sourcecode.swift; path = DemoAppTests.swift; sourceTree = "<group>"; };
		080B04942477D71700F8C7E5 /* Info.plist */ = {isa = PBXFileReference; lastKnownFileType = text.plist.xml; path = Info.plist; sourceTree = "<group>"; };
		080B04992477D71700F8C7E5 /* DemoAppUITests.xctest */ = {isa = PBXFileReference; explicitFileType = wrapper.cfbundle; includeInIndex = 0; path = DemoAppUITests.xctest; sourceTree = BUILT_PRODUCTS_DIR; };
		080B049D2477D71700F8C7E5 /* DemoAppUITests.swift */ = {isa = PBXFileReference; lastKnownFileType = sourcecode.swift; path = DemoAppUITests.swift; sourceTree = "<group>"; };
		080B049F2477D71700F8C7E5 /* Info.plist */ = {isa = PBXFileReference; lastKnownFileType = text.plist.xml; path = Info.plist; sourceTree = "<group>"; };
		08879391248F47380029B413 /* ResturantTableViewController.swift */ = {isa = PBXFileReference; lastKnownFileType = sourcecode.swift; path = ResturantTableViewController.swift; sourceTree = "<group>"; };
		08E226C12488AE470023AB1A /* SecondaryViewController.swift */ = {isa = PBXFileReference; lastKnownFileType = sourcecode.swift; path = SecondaryViewController.swift; sourceTree = "<group>"; };
		08E226C32488AEC00023AB1A /* SecondaryViewController.xib */ = {isa = PBXFileReference; lastKnownFileType = file.xib; path = SecondaryViewController.xib; sourceTree = "<group>"; };
		08E226C52488B3300023AB1A /* AutoLayoutViewController.swift */ = {isa = PBXFileReference; lastKnownFileType = sourcecode.swift; path = AutoLayoutViewController.swift; sourceTree = "<group>"; };
/* End PBXFileReference section */

/* Begin PBXFrameworksBuildPhase section */
		080B04752477D71500F8C7E5 /* Frameworks */ = {
			isa = PBXFrameworksBuildPhase;
			buildActionMask = 2147483647;
			files = (
			);
			runOnlyForDeploymentPostprocessing = 0;
		};
		080B048B2477D71700F8C7E5 /* Frameworks */ = {
			isa = PBXFrameworksBuildPhase;
			buildActionMask = 2147483647;
			files = (
			);
			runOnlyForDeploymentPostprocessing = 0;
		};
		080B04962477D71700F8C7E5 /* Frameworks */ = {
			isa = PBXFrameworksBuildPhase;
			buildActionMask = 2147483647;
			files = (
			);
			runOnlyForDeploymentPostprocessing = 0;
		};
/* End PBXFrameworksBuildPhase section */

/* Begin PBXGroup section */
		080B046F2477D71500F8C7E5 = {
			isa = PBXGroup;
			children = (
				080B047A2477D71500F8C7E5 /* DemoApp */,
				080B04912477D71700F8C7E5 /* DemoAppTests */,
				080B049C2477D71700F8C7E5 /* DemoAppUITests */,
				080B04792477D71500F8C7E5 /* Products */,
			);
			sourceTree = "<group>";
		};
		080B04792477D71500F8C7E5 /* Products */ = {
			isa = PBXGroup;
			children = (
				080B04782477D71500F8C7E5 /* DemoApp.app */,
				080B048E2477D71700F8C7E5 /* DemoAppTests.xctest */,
				080B04992477D71700F8C7E5 /* DemoAppUITests.xctest */,
			);
			name = Products;
			sourceTree = "<group>";
		};
		080B047A2477D71500F8C7E5 /* DemoApp */ = {
			isa = PBXGroup;
			children = (
				080B047B2477D71500F8C7E5 /* AppDelegate.swift */,
				080B047D2477D71500F8C7E5 /* SceneDelegate.swift */,
				080B047F2477D71500F8C7E5 /* ViewController.swift */,
				08E226C12488AE470023AB1A /* SecondaryViewController.swift */,
				08E226C52488B3300023AB1A /* AutoLayoutViewController.swift */,
				08879391248F47380029B413 /* ResturantTableViewController.swift */,
				080465972498848D0027864E /* ResturantCollectionView.swift */,
				08E226C32488AEC00023AB1A /* SecondaryViewController.xib */,
				080B04812477D71500F8C7E5 /* Main.storyboard */,
				080B04842477D71600F8C7E5 /* Assets.xcassets */,
				080B04862477D71600F8C7E5 /* LaunchScreen.storyboard */,
				080B04892477D71600F8C7E5 /* Info.plist */,
			);
			path = DemoApp;
			sourceTree = "<group>";
		};
		080B04912477D71700F8C7E5 /* DemoAppTests */ = {
			isa = PBXGroup;
			children = (
				080B04922477D71700F8C7E5 /* DemoAppTests.swift */,
				080B04942477D71700F8C7E5 /* Info.plist */,
			);
			path = DemoAppTests;
			sourceTree = "<group>";
		};
		080B049C2477D71700F8C7E5 /* DemoAppUITests */ = {
			isa = PBXGroup;
			children = (
				080B049D2477D71700F8C7E5 /* DemoAppUITests.swift */,
				080B049F2477D71700F8C7E5 /* Info.plist */,
			);
			path = DemoAppUITests;
			sourceTree = "<group>";
		};
/* End PBXGroup section */

/* Begin PBXNativeTarget section */
		080B04772477D71500F8C7E5 /* DemoApp */ = {
			isa = PBXNativeTarget;
			buildConfigurationList = 080B04A22477D71700F8C7E5 /* Build configuration list for PBXNativeTarget "DemoApp" */;
			buildPhases = (
				080B04742477D71500F8C7E5 /* Sources */,
				080B04752477D71500F8C7E5 /* Frameworks */,
				080B04762477D71500F8C7E5 /* Resources */,
			);
			buildRules = (
			);
			dependencies = (
			);
			name = DemoApp;
			productName = DemoApp;
			productReference = 080B04782477D71500F8C7E5 /* DemoApp.app */;
			productType = "com.apple.product-type.application";
		};
		080B048D2477D71700F8C7E5 /* DemoAppTests */ = {
			isa = PBXNativeTarget;
			buildConfigurationList = 080B04A52477D71700F8C7E5 /* Build configuration list for PBXNativeTarget "DemoAppTests" */;
			buildPhases = (
				080B048A2477D71700F8C7E5 /* Sources */,
				080B048B2477D71700F8C7E5 /* Frameworks */,
				080B048C2477D71700F8C7E5 /* Resources */,
			);
			buildRules = (
			);
			dependencies = (
				080B04902477D71700F8C7E5 /* PBXTargetDependency */,
			);
			name = DemoAppTests;
			productName = DemoAppTests;
			productReference = 080B048E2477D71700F8C7E5 /* DemoAppTests.xctest */;
			productType = "com.apple.product-type.bundle.unit-test";
		};
		080B04982477D71700F8C7E5 /* DemoAppUITests */ = {
			isa = PBXNativeTarget;
			buildConfigurationList = 080B04A82477D71700F8C7E5 /* Build configuration list for PBXNativeTarget "DemoAppUITests" */;
			buildPhases = (
				080B04952477D71700F8C7E5 /* Sources */,
				080B04962477D71700F8C7E5 /* Frameworks */,
				080B04972477D71700F8C7E5 /* Resources */,
			);
			buildRules = (
			);
			dependencies = (
				080B049B2477D71700F8C7E5 /* PBXTargetDependency */,
			);
			name = DemoAppUITests;
			productName = DemoAppUITests;
			productReference = 080B04992477D71700F8C7E5 /* DemoAppUITests.xctest */;
			productType = "com.apple.product-type.bundle.ui-testing";
		};
/* End PBXNativeTarget section */

/* Begin PBXProject section */
		080B04702477D71500F8C7E5 /* Project object */ = {
			isa = PBXProject;
			attributes = {
				LastSwiftUpdateCheck = 1130;
				LastUpgradeCheck = 1130;
				ORGANIZATIONNAME = accenture;
				TargetAttributes = {
					080B04772477D71500F8C7E5 = {
						CreatedOnToolsVersion = 11.3.1;
					};
					080B048D2477D71700F8C7E5 = {
						CreatedOnToolsVersion = 11.3.1;
						TestTargetID = 080B04772477D71500F8C7E5;
					};
					080B04982477D71700F8C7E5 = {
						CreatedOnToolsVersion = 11.3.1;
						TestTargetID = 080B04772477D71500F8C7E5;
					};
				};
			};
			buildConfigurationList = 080B04732477D71500F8C7E5 /* Build configuration list for PBXProject "DemoApp" */;
			compatibilityVersion = "Xcode 9.3";
			developmentRegion = en;
			hasScannedForEncodings = 0;
			knownRegions = (
				en,
				Base,
			);
			mainGroup = 080B046F2477D71500F8C7E5;
			productRefGroup = 080B04792477D71500F8C7E5 /* Products */;
			projectDirPath = "";
			projectRoot = "";
			targets = (
				080B04772477D71500F8C7E5 /* DemoApp */,
				080B048D2477D71700F8C7E5 /* DemoAppTests */,
				080B04982477D71700F8C7E5 /* DemoAppUITests */,
			);
		};
/* End PBXProject section */

/* Begin PBXResourcesBuildPhase section */
		080B04762477D71500F8C7E5 /* Resources */ = {
			isa = PBXResourcesBuildPhase;
			buildActionMask = 2147483647;
			files = (
				080B04882477D71600F8C7E5 /* LaunchScreen.storyboard in Resources */,
				080B04852477D71600F8C7E5 /* Assets.xcassets in Resources */,
				080B04832477D71500F8C7E5 /* Main.storyboard in Resources */,
				08E226C42488AEC00023AB1A /* SecondaryViewController.xib in Resources */,
			);
			runOnlyForDeploymentPostprocessing = 0;
		};
		080B048C2477D71700F8C7E5 /* Resources */ = {
			isa = PBXResourcesBuildPhase;
			buildActionMask = 2147483647;
			files = (
			);
			runOnlyForDeploymentPostprocessing = 0;
		};
		080B04972477D71700F8C7E5 /* Resources */ = {
			isa = PBXResourcesBuildPhase;
			buildActionMask = 2147483647;
			files = (
			);
			runOnlyForDeploymentPostprocessing = 0;
		};
/* End PBXResourcesBuildPhase section */

/* Begin PBXSourcesBuildPhase section */
		080B04742477D71500F8C7E5 /* Sources */ = {
			isa = PBXSourcesBuildPhase;
			buildActionMask = 2147483647;
			files = (
				080B04802477D71500F8C7E5 /* ViewController.swift in Sources */,
				080B047C2477D71500F8C7E5 /* AppDelegate.swift in Sources */,
				080465982498848D0027864E /* ResturantCollectionView.swift in Sources */,
				08879392248F47380029B413 /* ResturantTableViewController.swift in Sources */,
				080B047E2477D71500F8C7E5 /* SceneDelegate.swift in Sources */,
				08E226C22488AE470023AB1A /* SecondaryViewController.swift in Sources */,
				08E226C62488B3300023AB1A /* AutoLayoutViewController.swift in Sources */,
			);
			runOnlyForDeploymentPostprocessing = 0;
		};
		080B048A2477D71700F8C7E5 /* Sources */ = {
			isa = PBXSourcesBuildPhase;
			buildActionMask = 2147483647;
			files = (
				080B04932477D71700F8C7E5 /* DemoAppTests.swift in Sources */,
			);
			runOnlyForDeploymentPostprocessing = 0;
		};
		080B04952477D71700F8C7E5 /* Sources */ = {
			isa = PBXSourcesBuildPhase;
			buildActionMask = 2147483647;
			files = (
				080B049E2477D71700F8C7E5 /* DemoAppUITests.swift in Sources */,
			);
			runOnlyForDeploymentPostprocessing = 0;
		};
/* End PBXSourcesBuildPhase section */

/* Begin PBXTargetDependency section */
		080B04902477D71700F8C7E5 /* PBXTargetDependency */ = {
			isa = PBXTargetDependency;
			target = 080B04772477D71500F8C7E5 /* DemoApp */;
			targetProxy = 080B048F2477D71700F8C7E5 /* PBXContainerItemProxy */;
		};
		080B049B2477D71700F8C7E5 /* PBXTargetDependency */ = {
			isa = PBXTargetDependency;
			target = 080B04772477D71500F8C7E5 /* DemoApp */;
			targetProxy = 080B049A2477D71700F8C7E5 /* PBXContainerItemProxy */;
		};
/* End PBXTargetDependency section */

/* Begin PBXVariantGroup section */
		080B04812477D71500F8C7E5 /* Main.storyboard */ = {
			isa = PBXVariantGroup;
			children = (
				080B04822477D71500F8C7E5 /* Base */,
			);
			name = Main.storyboard;
			sourceTree = "<group>";
		};
		080B04862477D71600F8C7E5 /* LaunchScreen.storyboard */ = {
			isa = PBXVariantGroup;
			children = (
				080B04872477D71600F8C7E5 /* Base */,
			);
			name = LaunchScreen.storyboard;
			sourceTree = "<group>";
		};
/* End PBXVariantGroup section */

/* Begin XCBuildConfiguration section */
		080B04A02477D71700F8C7E5 /* Debug */ = {
			isa = XCBuildConfiguration;
			buildSettings = {
				ALWAYS_SEARCH_USER_PATHS = NO;
				CLANG_ANALYZER_NONNULL = YES;
				CLANG_ANALYZER_NUMBER_OBJECT_CONVERSION = YES_AGGRESSIVE;
				CLANG_CXX_LANGUAGE_STANDARD = "gnu++14";
				CLANG_CXX_LIBRARY = "libc++";
				CLANG_ENABLE_MODULES = YES;
				CLANG_ENABLE_OBJC_ARC = YES;
				CLANG_ENABLE_OBJC_WEAK = YES;
				CLANG_WARN_BLOCK_CAPTURE_AUTORELEASING = YES;
				CLANG_WARN_BOOL_CONVERSION = YES;
				CLANG_WARN_COMMA = YES;
				CLANG_WARN_CONSTANT_CONVERSION = YES;
				CLANG_WARN_DEPRECATED_OBJC_IMPLEMENTATIONS = YES;
				CLANG_WARN_DIRECT_OBJC_ISA_USAGE = YES_ERROR;
				CLANG_WARN_DOCUMENTATION_COMMENTS = YES;
				CLANG_WARN_EMPTY_BODY = YES;
				CLANG_WARN_ENUM_CONVERSION = YES;
				CLANG_WARN_INFINITE_RECURSION = YES;
				CLANG_WARN_INT_CONVERSION = YES;
				CLANG_WARN_NON_LITERAL_NULL_CONVERSION = YES;
				CLANG_WARN_OBJC_IMPLICIT_RETAIN_SELF = YES;
				CLANG_WARN_OBJC_LITERAL_CONVERSION = YES;
				CLANG_WARN_OBJC_ROOT_CLASS = YES_ERROR;
				CLANG_WARN_RANGE_LOOP_ANALYSIS = YES;
				CLANG_WARN_STRICT_PROTOTYPES = YES;
				CLANG_WARN_SUSPICIOUS_MOVE = YES;
				CLANG_WARN_UNGUARDED_AVAILABILITY = YES_AGGRESSIVE;
				CLANG_WARN_UNREACHABLE_CODE = YES;
				CLANG_WARN__DUPLICATE_METHOD_MATCH = YES;
				COPY_PHASE_STRIP = NO;
				DEBUG_INFORMATION_FORMAT = dwarf;
				ENABLE_STRICT_OBJC_MSGSEND = YES;
				ENABLE_TESTABILITY = YES;
				GCC_C_LANGUAGE_STANDARD = gnu11;
				GCC_DYNAMIC_NO_PIC = NO;
				GCC_NO_COMMON_BLOCKS = YES;
				GCC_OPTIMIZATION_LEVEL = 0;
				GCC_PREPROCESSOR_DEFINITIONS = (
					"DEBUG=1",
					"$(inherited)",
				);
				GCC_WARN_64_TO_32_BIT_CONVERSION = YES;
				GCC_WARN_ABOUT_RETURN_TYPE = YES_ERROR;
				GCC_WARN_UNDECLARED_SELECTOR = YES;
				GCC_WARN_UNINITIALIZED_AUTOS = YES_AGGRESSIVE;
				GCC_WARN_UNUSED_FUNCTION = YES;
				GCC_WARN_UNUSED_VARIABLE = YES;
				IPHONEOS_DEPLOYMENT_TARGET = 13.2;
				MTL_ENABLE_DEBUG_INFO = INCLUDE_SOURCE;
				MTL_FAST_MATH = YES;
				ONLY_ACTIVE_ARCH = YES;
				SDKROOT = iphoneos;
				SWIFT_ACTIVE_COMPILATION_CONDITIONS = DEBUG;
				SWIFT_OPTIMIZATION_LEVEL = "-Onone";
			};
			name = Debug;
		};
		080B04A12477D71700F8C7E5 /* Release */ = {
			isa = XCBuildConfiguration;
			buildSettings = {
				ALWAYS_SEARCH_USER_PATHS = NO;
				CLANG_ANALYZER_NONNULL = YES;
				CLANG_ANALYZER_NUMBER_OBJECT_CONVERSION = YES_AGGRESSIVE;
				CLANG_CXX_LANGUAGE_STANDARD = "gnu++14";
				CLANG_CXX_LIBRARY = "libc++";
				CLANG_ENABLE_MODULES = YES;
				CLANG_ENABLE_OBJC_ARC = YES;
				CLANG_ENABLE_OBJC_WEAK = YES;
				CLANG_WARN_BLOCK_CAPTURE_AUTORELEASING = YES;
				CLANG_WARN_BOOL_CONVERSION = YES;
				CLANG_WARN_COMMA = YES;
				CLANG_WARN_CONSTANT_CONVERSION = YES;
				CLANG_WARN_DEPRECATED_OBJC_IMPLEMENTATIONS = YES;
				CLANG_WARN_DIRECT_OBJC_ISA_USAGE = YES_ERROR;
				CLANG_WARN_DOCUMENTATION_COMMENTS = YES;
				CLANG_WARN_EMPTY_BODY = YES;
				CLANG_WARN_ENUM_CONVERSION = YES;
				CLANG_WARN_INFINITE_RECURSION = YES;
				CLANG_WARN_INT_CONVERSION = YES;
				CLANG_WARN_NON_LITERAL_NULL_CONVERSION = YES;
				CLANG_WARN_OBJC_IMPLICIT_RETAIN_SELF = YES;
				CLANG_WARN_OBJC_LITERAL_CONVERSION = YES;
				CLANG_WARN_OBJC_ROOT_CLASS = YES_ERROR;
				CLANG_WARN_RANGE_LOOP_ANALYSIS = YES;
				CLANG_WARN_STRICT_PROTOTYPES = YES;
				CLANG_WARN_SUSPICIOUS_MOVE = YES;
				CLANG_WARN_UNGUARDED_AVAILABILITY = YES_AGGRESSIVE;
				CLANG_WARN_UNREACHABLE_CODE = YES;
				CLANG_WARN__DUPLICATE_METHOD_MATCH = YES;
				COPY_PHASE_STRIP = NO;
				DEBUG_INFORMATION_FORMAT = "dwarf-with-dsym";
				ENABLE_NS_ASSERTIONS = NO;
				ENABLE_STRICT_OBJC_MSGSEND = YES;
				GCC_C_LANGUAGE_STANDARD = gnu11;
				GCC_NO_COMMON_BLOCKS = YES;
				GCC_WARN_64_TO_32_BIT_CONVERSION = YES;
				GCC_WARN_ABOUT_RETURN_TYPE = YES_ERROR;
				GCC_WARN_UNDECLARED_SELECTOR = YES;
				GCC_WARN_UNINITIALIZED_AUTOS = YES_AGGRESSIVE;
				GCC_WARN_UNUSED_FUNCTION = YES;
				GCC_WARN_UNUSED_VARIABLE = YES;
				IPHONEOS_DEPLOYMENT_TARGET = 13.2;
				MTL_ENABLE_DEBUG_INFO = NO;
				MTL_FAST_MATH = YES;
				SDKROOT = iphoneos;
				SWIFT_COMPILATION_MODE = wholemodule;
				SWIFT_OPTIMIZATION_LEVEL = "-O";
				VALIDATE_PRODUCT = YES;
			};
			name = Release;
		};
		080B04A32477D71700F8C7E5 /* Debug */ = {
			isa = XCBuildConfiguration;
			buildSettings = {
				ASSETCATALOG_COMPILER_APPICON_NAME = AppIcon;
				CODE_SIGN_STYLE = Automatic;
				DEVELOPMENT_TEAM = 7QFES4VTDQ;
				INFOPLIST_FILE = DemoApp/Info.plist;
				LD_RUNPATH_SEARCH_PATHS = (
					"$(inherited)",
					"@executable_path/Frameworks",
				);
				PRODUCT_BUNDLE_IDENTIFIER = com.accenture.DemoApp;
				PRODUCT_NAME = "$(TARGET_NAME)";
				SWIFT_VERSION = 5.0;
				TARGETED_DEVICE_FAMILY = "1,2";
			};
			name = Debug;
		};
		080B04A42477D71700F8C7E5 /* Release */ = {
			isa = XCBuildConfiguration;
			buildSettings = {
				ASSETCATALOG_COMPILER_APPICON_NAME = AppIcon;
				CODE_SIGN_STYLE = Automatic;
				DEVELOPMENT_TEAM = 7QFES4VTDQ;
				INFOPLIST_FILE = DemoApp/Info.plist;
				LD_RUNPATH_SEARCH_PATHS = (
					"$(inherited)",
					"@executable_path/Frameworks",
				);
				PRODUCT_BUNDLE_IDENTIFIER = com.accenture.DemoApp;
				PRODUCT_NAME = "$(TARGET_NAME)";
				SWIFT_VERSION = 5.0;
				TARGETED_DEVICE_FAMILY = "1,2";
			};
			name = Release;
		};
		080B04A62477D71700F8C7E5 /* Debug */ = {
			isa = XCBuildConfiguration;
			buildSettings = {
				ALWAYS_EMBED_SWIFT_STANDARD_LIBRARIES = YES;
				BUNDLE_LOADER = "$(TEST_HOST)";
				CODE_SIGN_STYLE = Automatic;
				DEVELOPMENT_TEAM = 7QFES4VTDQ;
				INFOPLIST_FILE = DemoAppTests/Info.plist;
				IPHONEOS_DEPLOYMENT_TARGET = 13.2;
				LD_RUNPATH_SEARCH_PATHS = (
					"$(inherited)",
					"@executable_path/Frameworks",
					"@loader_path/Frameworks",
				);
				PRODUCT_BUNDLE_IDENTIFIER = com.accenture.DemoAppTests;
				PRODUCT_NAME = "$(TARGET_NAME)";
				SWIFT_VERSION = 5.0;
				TARGETED_DEVICE_FAMILY = "1,2";
				TEST_HOST = "$(BUILT_PRODUCTS_DIR)/DemoApp.app/DemoApp";
			};
			name = Debug;
		};
		080B04A72477D71700F8C7E5 /* Release */ = {
			isa = XCBuildConfiguration;
			buildSettings = {
				ALWAYS_EMBED_SWIFT_STANDARD_LIBRARIES = YES;
				BUNDLE_LOADER = "$(TEST_HOST)";
				CODE_SIGN_STYLE = Automatic;
				DEVELOPMENT_TEAM = 7QFES4VTDQ;
				INFOPLIST_FILE = DemoAppTests/Info.plist;
				IPHONEOS_DEPLOYMENT_TARGET = 13.2;
				LD_RUNPATH_SEARCH_PATHS = (
					"$(inherited)",
					"@executable_path/Frameworks",
					"@loader_path/Frameworks",
				);
				PRODUCT_BUNDLE_IDENTIFIER = com.accenture.DemoAppTests;
				PRODUCT_NAME = "$(TARGET_NAME)";
				SWIFT_VERSION = 5.0;
				TARGETED_DEVICE_FAMILY = "1,2";
				TEST_HOST = "$(BUILT_PRODUCTS_DIR)/DemoApp.app/DemoApp";
			};
			name = Release;
		};
		080B04A92477D71700F8C7E5 /* Debug */ = {
			isa = XCBuildConfiguration;
			buildSettings = {
				ALWAYS_EMBED_SWIFT_STANDARD_LIBRARIES = YES;
				CODE_SIGN_STYLE = Automatic;
				DEVELOPMENT_TEAM = 7QFES4VTDQ;
				INFOPLIST_FILE = DemoAppUITests/Info.plist;
				LD_RUNPATH_SEARCH_PATHS = (
					"$(inherited)",
					"@executable_path/Frameworks",
					"@loader_path/Frameworks",
				);
				PRODUCT_BUNDLE_IDENTIFIER = com.accenture.DemoAppUITests;
				PRODUCT_NAME = "$(TARGET_NAME)";
				SWIFT_VERSION = 5.0;
				TARGETED_DEVICE_FAMILY = "1,2";
				TEST_TARGET_NAME = DemoApp;
			};
			name = Debug;
		};
		080B04AA2477D71700F8C7E5 /* Release */ = {
			isa = XCBuildConfiguration;
			buildSettings = {
				ALWAYS_EMBED_SWIFT_STANDARD_LIBRARIES = YES;
				CODE_SIGN_STYLE = Automatic;
				DEVELOPMENT_TEAM = 7QFES4VTDQ;
				INFOPLIST_FILE = DemoAppUITests/Info.plist;
				LD_RUNPATH_SEARCH_PATHS = (
					"$(inherited)",
					"@executable_path/Frameworks",
					"@loader_path/Frameworks",
				);
				PRODUCT_BUNDLE_IDENTIFIER = com.accenture.DemoAppUITests;
				PRODUCT_NAME = "$(TARGET_NAME)";
				SWIFT_VERSION = 5.0;
				TARGETED_DEVICE_FAMILY = "1,2";
				TEST_TARGET_NAME = DemoApp;
			};
			name = Release;
		};
/* End XCBuildConfiguration section */

/* Begin XCConfigurationList section */
		080B04732477D71500F8C7E5 /* Build configuration list for PBXProject "DemoApp" */ = {
			isa = XCConfigurationList;
			buildConfigurations = (
				080B04A02477D71700F8C7E5 /* Debug */,
				080B04A12477D71700F8C7E5 /* Release */,
			);
			defaultConfigurationIsVisible = 0;
			defaultConfigurationName = Release;
		};
		080B04A22477D71700F8C7E5 /* Build configuration list for PBXNativeTarget "DemoApp" */ = {
			isa = XCConfigurationList;
			buildConfigurations = (
				080B04A32477D71700F8C7E5 /* Debug */,
				080B04A42477D71700F8C7E5 /* Release */,
			);
			defaultConfigurationIsVisible = 0;
			defaultConfigurationName = Release;
		};
		080B04A52477D71700F8C7E5 /* Build configuration list for PBXNativeTarget "DemoAppTests" */ = {
			isa = XCConfigurationList;
			buildConfigurations = (
				080B04A62477D71700F8C7E5 /* Debug */,
				080B04A72477D71700F8C7E5 /* Release */,
			);
			defaultConfigurationIsVisible = 0;
			defaultConfigurationName = Release;
		};
		080B04A82477D71700F8C7E5 /* Build configuration list for PBXNativeTarget "DemoAppUITests" */ = {
			isa = XCConfigurationList;
			buildConfigurations = (
				080B04A92477D71700F8C7E5 /* Debug */,
				080B04AA2477D71700F8C7E5 /* Release */,
			);
			defaultConfigurationIsVisible = 0;
			defaultConfigurationName = Release;
		};
/* End XCConfigurationList section */
	};
	rootObject = 080B04702477D71500F8C7E5 /* Project object */;
}
